
Microsoft Visual Studio Solution File, Format Version 12.00
# Visual Studio Version 16
VisualStudioVersion = 16.0.31019.35
MinimumVisualStudioVersion = 10.0.40219.1
Project("{FAE04EC0-301F-11D3-BF4B-00C04F79EFBC}") = "Timetracker", "Timetracker\Timetracker.csproj", "{081B93E6-2C5D-4DE8-B081-2A2D78BB97C8}"
EndProject
Global
	GlobalSection(SolutionConfigurationPlatforms) = preSolution
		Debug|Any CPU = Debug|Any CPU
		Release|Any CPU = Release|Any CPU
	EndGlobalSection
	GlobalSection(ProjectConfigurationPlatforms) = postSolution
		{081B93E6-2C5D-4DE8-B081-2A2D78BB97C8}.Debug|Any CPU.ActiveCfg = Debug|Any CPU
		{081B93E6-2C5D-4DE8-B081-2A2D78BB97C8}.Debug|Any CPU.Build.0 = Debug|Any CPU
		{081B93E6-2C5D-4DE8-B081-2A2D78BB97C8}.Release|Any CPU.ActiveCfg = Release|Any CPU
		{081B93E6-2C5D-4DE8-B081-2A2D78BB97C8}.Release|Any CPU.Build.0 = Release|Any CPU
	EndGlobalSection
	GlobalSection(SolutionProperties) = preSolution
		HideSolutionNode = FALSE
	EndGlobalSection
	GlobalSection(ExtensibilityGlobals) = postSolution
		SolutionGuid = {C851F49A-E19B-495C-AB8D-D5D394B8007C}
	EndGlobalSection
EndGlobal
